
Microsoft Visual Studio Solution File, Format Version 12.00
# Visual Studio Version 17
VisualStudioVersion = 17.14.36705.20 d17.14
MinimumVisualStudioVersion = 10.0.40219.1
Project("{F184B08F-C81C-45F6-A57F-5ABD9991F28F}") = "VHDX Lab", "VHDX Lab\VHDX Lab.vbproj", "{2C069301-2279-4F7A-8622-3D2D43E032C4}"
EndProject
Global
	GlobalSection(SolutionConfigurationPlatforms) = preSolution
		Debug|Any CPU = Debug|Any CPU
		Release|Any CPU = Release|Any CPU
	EndGlobalSection
	GlobalSection(ProjectConfigurationPlatforms) = postSolution
		{2C069301-2279-4F7A-8622-3D2D43E032C4}.Debug|Any CPU.ActiveCfg = Debug|Any CPU
		{2C069301-2279-4F7A-8622-3D2D43E032C4}.Debug|Any CPU.Build.0 = Debug|Any CPU
		{2C069301-2279-4F7A-8622-3D2D43E032C4}.Release|Any CPU.ActiveCfg = Release|Any CPU
		{2C069301-2279-4F7A-8622-3D2D43E032C4}.Release|Any CPU.Build.0 = Release|Any CPU
	EndGlobalSection
	GlobalSection(SolutionProperties) = preSolution
		HideSolutionNode = FALSE
	EndGlobalSection
	GlobalSection(ExtensibilityGlobals) = postSolution
		SolutionGuid = {8A8D20FA-391A-413D-A4C2-F1BCB424108D}
	EndGlobalSection
EndGlobal
